// !$*UTF8*$!
{
	archiveVersion = 1;
	classes = {
	};
	objectVersion = 51;
	objects = {

/* Begin PBXBuildFile section */
		11CE600DF223D7DA6B55ED91 /* Pods_Greener.framework in Frameworks */ = {isa = PBXBuildFile; fileRef = C2CAE39CE872CE17DA47422A /* Pods_Greener.framework */; };
		3D00C23523C62B4600BDF468 /* Recycle.jpg in Resources */ = {isa = PBXBuildFile; fileRef = 3D00C23423C62B4600BDF468 /* Recycle.jpg */; };
		3D00C23723C6452C00BDF468 /* InfoViewController.swift in Sources */ = {isa = PBXBuildFile; fileRef = 3D00C23623C6452C00BDF468 /* InfoViewController.swift */; };
		3D559F3723C87BD70001954E /* ModelFirebase.swift in Sources */ = {isa = PBXBuildFile; fileRef = 3D559F3623C87BD70001954E /* ModelFirebase.swift */; };
		3D559F4123C884C00001954E /* GoogleService-Info.plist in Resources */ = {isa = PBXBuildFile; fileRef = 3D559F4023C884BF0001954E /* GoogleService-Info.plist */; };
		3D559F4323C88D250001954E /* Post+Sql.swift in Sources */ = {isa = PBXBuildFile; fileRef = 3D559F4223C88D250001954E /* Post+Sql.swift */; };
		3D559F4823C890CD0001954E /* ModelSql.swift in Sources */ = {isa = PBXBuildFile; fileRef = 3D559F4723C890CD0001954E /* ModelSql.swift */; };
		3D559F4A23C894060001954E /* FirebaseStorage.swift in Sources */ = {isa = PBXBuildFile; fileRef = 3D559F4923C894060001954E /* FirebaseStorage.swift */; };
		3D559F4C23C896E80001954E /* Post+Firebase.swift in Sources */ = {isa = PBXBuildFile; fileRef = 3D559F4B23C896E80001954E /* Post+Firebase.swift */; };
		3DA87C0D23FFF9AC00D284C0 /* TabBarViewController.swift in Sources */ = {isa = PBXBuildFile; fileRef = 3DA87C0C23FFF9AC00D284C0 /* TabBarViewController.swift */; };
		3DA87C0F2400048A00D284C0 /* ProfileTableTableViewController.swift in Sources */ = {isa = PBXBuildFile; fileRef = 3DA87C0E2400048A00D284C0 /* ProfileTableTableViewController.swift */; };
		3DC8C17023BD133000C54C44 /* AppDelegate.swift in Sources */ = {isa = PBXBuildFile; fileRef = 3DC8C16F23BD133000C54C44 /* AppDelegate.swift */; };
		3DC8C17223BD133000C54C44 /* SceneDelegate.swift in Sources */ = {isa = PBXBuildFile; fileRef = 3DC8C17123BD133000C54C44 /* SceneDelegate.swift */; };
		3DC8C17423BD133000C54C44 /* ViewController.swift in Sources */ = {isa = PBXBuildFile; fileRef = 3DC8C17323BD133000C54C44 /* ViewController.swift */; };
		3DC8C17723BD133000C54C44 /* Main.storyboard in Resources */ = {isa = PBXBuildFile; fileRef = 3DC8C17523BD133000C54C44 /* Main.storyboard */; };
		3DC8C17923BD133200C54C44 /* Assets.xcassets in Resources */ = {isa = PBXBuildFile; fileRef = 3DC8C17823BD133200C54C44 /* Assets.xcassets */; };
		3DC8C17C23BD133200C54C44 /* LaunchScreen.storyboard in Resources */ = {isa = PBXBuildFile; fileRef = 3DC8C17A23BD133200C54C44 /* LaunchScreen.storyboard */; };
		3DC8C18423BD18DC00C54C44 /* LoginViewController.swift in Sources */ = {isa = PBXBuildFile; fileRef = 3DC8C18323BD18DC00C54C44 /* LoginViewController.swift */; };
		3DC8C18623BD1E2300C54C44 /* SignupViewController.swift in Sources */ = {isa = PBXBuildFile; fileRef = 3DC8C18523BD1E2300C54C44 /* SignupViewController.swift */; };
		3DC8C18823BD228900C54C44 /* MainFeedTableViewController.swift in Sources */ = {isa = PBXBuildFile; fileRef = 3DC8C18723BD228900C54C44 /* MainFeedTableViewController.swift */; };
		3DC8C18A23BD285400C54C44 /* PostTableViewCell.swift in Sources */ = {isa = PBXBuildFile; fileRef = 3DC8C18923BD285400C54C44 /* PostTableViewCell.swift */; };
		3DE147CF23BF3F2600DE50C4 /* Post.swift in Sources */ = {isa = PBXBuildFile; fileRef = 3DE147CE23BF3F2600DE50C4 /* Post.swift */; };
		3DE147D123BF4FBD00DE50C4 /* Model.swift in Sources */ = {isa = PBXBuildFile; fileRef = 3DE147D023BF4FBD00DE50C4 /* Model.swift */; };
/* End PBXBuildFile section */

/* Begin PBXCopyFilesBuildPhase section */
		3D559F3F23C8832D0001954E /* Embed Frameworks */ = {
			isa = PBXCopyFilesBuildPhase;
			buildActionMask = 2147483647;
			dstPath = "";
			dstSubfolderSpec = 10;
			files = (
			);
			name = "Embed Frameworks";
			runOnlyForDeploymentPostprocessing = 0;
		};
/* End PBXCopyFilesBuildPhase section */

/* Begin PBXFileReference section */
		3AA60160D1414E8217600475 /* Pods-Greener.debug.xcconfig */ = {isa = PBXFileReference; includeInIndex = 1; lastKnownFileType = text.xcconfig; name = "Pods-Greener.debug.xcconfig"; path = "Target Support Files/Pods-Greener/Pods-Greener.debug.xcconfig"; sourceTree = "<group>"; };
		3D00C23423C62B4600BDF468 /* Recycle.jpg */ = {isa = PBXFileReference; lastKnownFileType = image.jpeg; path = Recycle.jpg; sourceTree = "<group>"; };
		3D00C23623C6452C00BDF468 /* InfoViewController.swift */ = {isa = PBXFileReference; lastKnownFileType = sourcecode.swift; path = InfoViewController.swift; sourceTree = "<group>"; };
		3D559F3623C87BD70001954E /* ModelFirebase.swift */ = {isa = PBXFileReference; lastKnownFileType = sourcecode.swift; path = ModelFirebase.swift; sourceTree = "<group>"; };
		3D559F4023C884BF0001954E /* GoogleService-Info.plist */ = {isa = PBXFileReference; fileEncoding = 4; lastKnownFileType = text.plist.xml; path = "GoogleService-Info.plist"; sourceTree = "<group>"; };
		3D559F4223C88D250001954E /* Post+Sql.swift */ = {isa = PBXFileReference; lastKnownFileType = sourcecode.swift; path = "Post+Sql.swift"; sourceTree = "<group>"; };
		3D559F4423C88DBF0001954E /* libsqlite3.0.tbd */ = {isa = PBXFileReference; lastKnownFileType = "sourcecode.text-based-dylib-definition"; name = libsqlite3.0.tbd; path = usr/lib/libsqlite3.0.tbd; sourceTree = SDKROOT; };
		3D559F4623C88FA30001954E /* Greener-Bridging-Header.h */ = {isa = PBXFileReference; lastKnownFileType = sourcecode.c.h; path = "Greener-Bridging-Header.h"; sourceTree = "<group>"; };
		3D559F4723C890CD0001954E /* ModelSql.swift */ = {isa = PBXFileReference; lastKnownFileType = sourcecode.swift; path = ModelSql.swift; sourceTree = "<group>"; };
		3D559F4923C894060001954E /* FirebaseStorage.swift */ = {isa = PBXFileReference; lastKnownFileType = sourcecode.swift; path = FirebaseStorage.swift; sourceTree = "<group>"; };
		3D559F4B23C896E80001954E /* Post+Firebase.swift */ = {isa = PBXFileReference; lastKnownFileType = sourcecode.swift; path = "Post+Firebase.swift"; sourceTree = "<group>"; };
		3DA87C0C23FFF9AC00D284C0 /* TabBarViewController.swift */ = {isa = PBXFileReference; lastKnownFileType = sourcecode.swift; path = TabBarViewController.swift; sourceTree = "<group>"; };
		3DA87C0E2400048A00D284C0 /* ProfileTableTableViewController.swift */ = {isa = PBXFileReference; lastKnownFileType = sourcecode.swift; path = ProfileTableTableViewController.swift; sourceTree = "<group>"; };
		3DC8C16C23BD133000C54C44 /* Greener.app */ = {isa = PBXFileReference; explicitFileType = wrapper.application; includeInIndex = 0; path = Greener.app; sourceTree = BUILT_PRODUCTS_DIR; };
		3DC8C16F23BD133000C54C44 /* AppDelegate.swift */ = {isa = PBXFileReference; lastKnownFileType = sourcecode.swift; path = AppDelegate.swift; sourceTree = "<group>"; };
		3DC8C17123BD133000C54C44 /* SceneDelegate.swift */ = {isa = PBXFileReference; lastKnownFileType = sourcecode.swift; path = SceneDelegate.swift; sourceTree = "<group>"; };
		3DC8C17323BD133000C54C44 /* ViewController.swift */ = {isa = PBXFileReference; lastKnownFileType = sourcecode.swift; path = ViewController.swift; sourceTree = "<group>"; };
		3DC8C17623BD133000C54C44 /* Base */ = {isa = PBXFileReference; lastKnownFileType = file.storyboard; name = Base; path = Base.lproj/Main.storyboard; sourceTree = "<group>"; };
		3DC8C17823BD133200C54C44 /* Assets.xcassets */ = {isa = PBXFileReference; lastKnownFileType = folder.assetcatalog; path = Assets.xcassets; sourceTree = "<group>"; };
		3DC8C17B23BD133200C54C44 /* Base */ = {isa = PBXFileReference; lastKnownFileType = file.storyboard; name = Base; path = Base.lproj/LaunchScreen.storyboard; sourceTree = "<group>"; };
		3DC8C17D23BD133200C54C44 /* Info.plist */ = {isa = PBXFileReference; lastKnownFileType = text.plist.xml; path = Info.plist; sourceTree = "<group>"; };
		3DC8C18323BD18DC00C54C44 /* LoginViewController.swift */ = {isa = PBXFileReference; lastKnownFileType = sourcecode.swift; path = LoginViewController.swift; sourceTree = "<group>"; };
		3DC8C18523BD1E2300C54C44 /* SignupViewController.swift */ = {isa = PBXFileReference; lastKnownFileType = sourcecode.swift; path = SignupViewController.swift; sourceTree = "<group>"; };
		3DC8C18723BD228900C54C44 /* MainFeedTableViewController.swift */ = {isa = PBXFileReference; lastKnownFileType = sourcecode.swift; path = MainFeedTableViewController.swift; sourceTree = "<group>"; };
		3DC8C18923BD285400C54C44 /* PostTableViewCell.swift */ = {isa = PBXFileReference; lastKnownFileType = sourcecode.swift; path = PostTableViewCell.swift; sourceTree = "<group>"; };
		3DE147CE23BF3F2600DE50C4 /* Post.swift */ = {isa = PBXFileReference; lastKnownFileType = sourcecode.swift; path = Post.swift; sourceTree = "<group>"; };
		3DE147D023BF4FBD00DE50C4 /* Model.swift */ = {isa = PBXFileReference; lastKnownFileType = sourcecode.swift; path = Model.swift; sourceTree = "<group>"; };
		7C7F99FA16C073FD2FAA74D5 /* Pods-Greener.release.xcconfig */ = {isa = PBXFileReference; includeInIndex = 1; lastKnownFileType = text.xcconfig; name = "Pods-Greener.release.xcconfig"; path = "Target Support Files/Pods-Greener/Pods-Greener.release.xcconfig"; sourceTree = "<group>"; };
		C2CAE39CE872CE17DA47422A /* Pods_Greener.framework */ = {isa = PBXFileReference; explicitFileType = wrapper.framework; includeInIndex = 0; path = Pods_Greener.framework; sourceTree = BUILT_PRODUCTS_DIR; };
/* End PBXFileReference section */

/* Begin PBXFrameworksBuildPhase section */
		3DC8C16923BD133000C54C44 /* Frameworks */ = {
			isa = PBXFrameworksBuildPhase;
			buildActionMask = 2147483647;
			files = (
				11CE600DF223D7DA6B55ED91 /* Pods_Greener.framework in Frameworks */,
			);
			runOnlyForDeploymentPostprocessing = 0;
		};
/* End PBXFrameworksBuildPhase section */

/* Begin PBXGroup section */
		3DC8C16323BD133000C54C44 = {
			isa = PBXGroup;
			children = (
				3DC8C16E23BD133000C54C44 /* Greener */,
				3DC8C16D23BD133000C54C44 /* Products */,
				61FDFEA6E01BD9C4823FB469 /* Pods */,
				472E459DF291F1239691A478 /* Frameworks */,
			);
			sourceTree = "<group>";
		};
		3DC8C16D23BD133000C54C44 /* Products */ = {
			isa = PBXGroup;
			children = (
				3DC8C16C23BD133000C54C44 /* Greener.app */,
			);
			name = Products;
			sourceTree = "<group>";
		};
		3DC8C16E23BD133000C54C44 /* Greener */ = {
			isa = PBXGroup;
			children = (
				3D559F4023C884BF0001954E /* GoogleService-Info.plist */,
				3D00C23423C62B4600BDF468 /* Recycle.jpg */,
				3DE147CD23BF3ED300DE50C4 /* Model */,
				3DC8C16F23BD133000C54C44 /* AppDelegate.swift */,
				3DC8C17123BD133000C54C44 /* SceneDelegate.swift */,
				3DC8C17323BD133000C54C44 /* ViewController.swift */,
				3DC8C17523BD133000C54C44 /* Main.storyboard */,
				3DC8C17823BD133200C54C44 /* Assets.xcassets */,
				3DC8C17A23BD133200C54C44 /* LaunchScreen.storyboard */,
				3DC8C17D23BD133200C54C44 /* Info.plist */,
				3DC8C18323BD18DC00C54C44 /* LoginViewController.swift */,
				3DC8C18523BD1E2300C54C44 /* SignupViewController.swift */,
				3DC8C18723BD228900C54C44 /* MainFeedTableViewController.swift */,
				3DC8C18923BD285400C54C44 /* PostTableViewCell.swift */,
				3D00C23623C6452C00BDF468 /* InfoViewController.swift */,
				3D559F4623C88FA30001954E /* Greener-Bridging-Header.h */,
				3DA87C0C23FFF9AC00D284C0 /* TabBarViewController.swift */,
				3DA87C0E2400048A00D284C0 /* ProfileTableTableViewController.swift */,
			);
			path = Greener;
			sourceTree = "<group>";
		};
		3DE147CD23BF3ED300DE50C4 /* Model */ = {
			isa = PBXGroup;
			children = (
				3DE147CE23BF3F2600DE50C4 /* Post.swift */,
				3DE147D023BF4FBD00DE50C4 /* Model.swift */,
				3D559F3623C87BD70001954E /* ModelFirebase.swift */,
				3D559F4223C88D250001954E /* Post+Sql.swift */,
				3D559F4723C890CD0001954E /* ModelSql.swift */,
				3D559F4923C894060001954E /* FirebaseStorage.swift */,
				3D559F4B23C896E80001954E /* Post+Firebase.swift */,
			);
			path = Model;
			sourceTree = "<group>";
		};
		472E459DF291F1239691A478 /* Frameworks */ = {
			isa = PBXGroup;
			children = (
				3D559F4423C88DBF0001954E /* libsqlite3.0.tbd */,
				C2CAE39CE872CE17DA47422A /* Pods_Greener.framework */,
			);
			name = Frameworks;
			sourceTree = "<group>";
		};
		61FDFEA6E01BD9C4823FB469 /* Pods */ = {
			isa = PBXGroup;
			children = (
				3AA60160D1414E8217600475 /* Pods-Greener.debug.xcconfig */,
				7C7F99FA16C073FD2FAA74D5 /* Pods-Greener.release.xcconfig */,
			);
			path = Pods;
			sourceTree = "<group>";
		};
/* End PBXGroup section */

/* Begin PBXNativeTarget section */
		3DC8C16B23BD133000C54C44 /* Greener */ = {
			isa = PBXNativeTarget;
			buildConfigurationList = 3DC8C18023BD133200C54C44 /* Build configuration list for PBXNativeTarget "Greener" */;
			buildPhases = (
				0D9877B6A3F233EFF3ECED34 /* [CP] Check Pods Manifest.lock */,
				3DC8C16823BD133000C54C44 /* Sources */,
				3DC8C16923BD133000C54C44 /* Frameworks */,
				3DC8C16A23BD133000C54C44 /* Resources */,
				C4BA2B98B177BCF2AB04D6F7 /* [CP] Embed Pods Frameworks */,
				3D559F3F23C8832D0001954E /* Embed Frameworks */,
			);
			buildRules = (
			);
			dependencies = (
			);
			name = Greener;
			productName = Greener;
			productReference = 3DC8C16C23BD133000C54C44 /* Greener.app */;
			productType = "com.apple.product-type.application";
		};
/* End PBXNativeTarget section */

/* Begin PBXProject section */
		3DC8C16423BD133000C54C44 /* Project object */ = {
			isa = PBXProject;
			attributes = {
				LastSwiftUpdateCheck = 1110;
				LastUpgradeCheck = 1110;
				ORGANIZATIONNAME = Studio;
				TargetAttributes = {
					3DC8C16B23BD133000C54C44 = {
						CreatedOnToolsVersion = 11.1;
					};
				};
			};
			buildConfigurationList = 3DC8C16723BD133000C54C44 /* Build configuration list for PBXProject "Greener" */;
			compatibilityVersion = "Xcode 9.3";
			developmentRegion = en;
			hasScannedForEncodings = 0;
			knownRegions = (
				en,
				Base,
			);
			mainGroup = 3DC8C16323BD133000C54C44;
			productRefGroup = 3DC8C16D23BD133000C54C44 /* Products */;
			projectDirPath = "";
			projectRoot = "";
			targets = (
				3DC8C16B23BD133000C54C44 /* Greener */,
			);
		};
/* End PBXProject section */

/* Begin PBXResourcesBuildPhase section */
		3DC8C16A23BD133000C54C44 /* Resources */ = {
			isa = PBXResourcesBuildPhase;
			buildActionMask = 2147483647;
			files = (
				3DC8C17C23BD133200C54C44 /* LaunchScreen.storyboard in Resources */,
				3D00C23523C62B4600BDF468 /* Recycle.jpg in Resources */,
				3D559F4123C884C00001954E /* GoogleService-Info.plist in Resources */,
				3DC8C17923BD133200C54C44 /* Assets.xcassets in Resources */,
				3DC8C17723BD133000C54C44 /* Main.storyboard in Resources */,
			);
			runOnlyForDeploymentPostprocessing = 0;
		};
/* End PBXResourcesBuildPhase section */

/* Begin PBXShellScriptBuildPhase section */
		0D9877B6A3F233EFF3ECED34 /* [CP] Check Pods Manifest.lock */ = {
			isa = PBXShellScriptBuildPhase;
			buildActionMask = 2147483647;
			files = (
			);
			inputFileListPaths = (
			);
			inputPaths = (
				"${PODS_PODFILE_DIR_PATH}/Podfile.lock",
				"${PODS_ROOT}/Manifest.lock",
			);
			name = "[CP] Check Pods Manifest.lock";
			outputFileListPaths = (
			);
			outputPaths = (
				"$(DERIVED_FILE_DIR)/Pods-Greener-checkManifestLockResult.txt",
			);
			runOnlyForDeploymentPostprocessing = 0;
			shellPath = /bin/sh;
			shellScript = "diff \"${PODS_PODFILE_DIR_PATH}/Podfile.lock\" \"${PODS_ROOT}/Manifest.lock\" > /dev/null\nif [ $? != 0 ] ; then\n    # print error to STDERR\n    echo \"error: The sandbox is not in sync with the Podfile.lock. Run 'pod install' or update your CocoaPods installation.\" >&2\n    exit 1\nfi\n# This output is used by Xcode 'outputs' to avoid re-running this script phase.\necho \"SUCCESS\" > \"${SCRIPT_OUTPUT_FILE_0}\"\n";
			showEnvVarsInLog = 0;
		};
		C4BA2B98B177BCF2AB04D6F7 /* [CP] Embed Pods Frameworks */ = {
			isa = PBXShellScriptBuildPhase;
			buildActionMask = 2147483647;
			files = (
			);
			inputFileListPaths = (
				"${PODS_ROOT}/Target Support Files/Pods-Greener/Pods-Greener-frameworks-${CONFIGURATION}-input-files.xcfilelist",
			);
			name = "[CP] Embed Pods Frameworks";
			outputFileListPaths = (
				"${PODS_ROOT}/Target Support Files/Pods-Greener/Pods-Greener-frameworks-${CONFIGURATION}-output-files.xcfilelist",
			);
			runOnlyForDeploymentPostprocessing = 0;
			shellPath = /bin/sh;
			shellScript = "\"${PODS_ROOT}/Target Support Files/Pods-Greener/Pods-Greener-frameworks.sh\"\n";
			showEnvVarsInLog = 0;
		};
/* End PBXShellScriptBuildPhase section */

/* Begin PBXSourcesBuildPhase section */
		3DC8C16823BD133000C54C44 /* Sources */ = {
			isa = PBXSourcesBuildPhase;
			buildActionMask = 2147483647;
			files = (
				3DA87C0D23FFF9AC00D284C0 /* TabBarViewController.swift in Sources */,
				3DC8C18A23BD285400C54C44 /* PostTableViewCell.swift in Sources */,
				3D00C23723C6452C00BDF468 /* InfoViewController.swift in Sources */,
				3DC8C18423BD18DC00C54C44 /* LoginViewController.swift in Sources */,
				3DC8C17423BD133000C54C44 /* ViewController.swift in Sources */,
				3D559F4A23C894060001954E /* FirebaseStorage.swift in Sources */,
				3DC8C18623BD1E2300C54C44 /* SignupViewController.swift in Sources */,
				3DE147D123BF4FBD00DE50C4 /* Model.swift in Sources */,
				3DC8C17023BD133000C54C44 /* AppDelegate.swift in Sources */,
				3D559F3723C87BD70001954E /* ModelFirebase.swift in Sources */,
				3DE147CF23BF3F2600DE50C4 /* Post.swift in Sources */,
				3DC8C18823BD228900C54C44 /* MainFeedTableViewController.swift in Sources */,
				3D559F4323C88D250001954E /* Post+Sql.swift in Sources */,
				3DA87C0F2400048A00D284C0 /* ProfileTableTableViewController.swift in Sources */,
				3DC8C17223BD133000C54C44 /* SceneDelegate.swift in Sources */,
				3D559F4823C890CD0001954E /* ModelSql.swift in Sources */,
				3D559F4C23C896E80001954E /* Post+Firebase.swift in Sources */,
			);
			runOnlyForDeploymentPostprocessing = 0;
		};
/* End PBXSourcesBuildPhase section */

/* Begin PBXVariantGroup section */
		3DC8C17523BD133000C54C44 /* Main.storyboard */ = {
			isa = PBXVariantGroup;
			children = (
				3DC8C17623BD133000C54C44 /* Base */,
			);
			name = Main.storyboard;
			sourceTree = "<group>";
		};
		3DC8C17A23BD133200C54C44 /* LaunchScreen.storyboard */ = {
			isa = PBXVariantGroup;
			children = (
				3DC8C17B23BD133200C54C44 /* Base */,
			);
			name = LaunchScreen.storyboard;
			sourceTree = "<group>";
		};
/* End PBXVariantGroup section */

/* Begin XCBuildConfiguration section */
		3DC8C17E23BD133200C54C44 /* Debug */ = {
			isa = XCBuildConfiguration;
			buildSettings = {
				ALWAYS_SEARCH_USER_PATHS = NO;
				CLANG_ANALYZER_NONNULL = YES;
				CLANG_ANALYZER_NUMBER_OBJECT_CONVERSION = YES_AGGRESSIVE;
				CLANG_CXX_LANGUAGE_STANDARD = "gnu++14";
				CLANG_CXX_LIBRARY = "libc++";
				CLANG_ENABLE_MODULES = YES;
				CLANG_ENABLE_OBJC_ARC = YES;
				CLANG_ENABLE_OBJC_WEAK = YES;
				CLANG_WARN_BLOCK_CAPTURE_AUTORELEASING = YES;
				CLANG_WARN_BOOL_CONVERSION = YES;
				CLANG_WARN_COMMA = YES;
				CLANG_WARN_CONSTANT_CONVERSION = YES;
				CLANG_WARN_DEPRECATED_OBJC_IMPLEMENTATIONS = YES;
				CLANG_WARN_DIRECT_OBJC_ISA_USAGE = YES_ERROR;
				CLANG_WARN_DOCUMENTATION_COMMENTS = YES;
				CLANG_WARN_EMPTY_BODY = YES;
				CLANG_WARN_ENUM_CONVERSION = YES;
				CLANG_WARN_INFINITE_RECURSION = YES;
				CLANG_WARN_INT_CONVERSION = YES;
				CLANG_WARN_NON_LITERAL_NULL_CONVERSION = YES;
				CLANG_WARN_OBJC_IMPLICIT_RETAIN_SELF = YES;
				CLANG_WARN_OBJC_LITERAL_CONVERSION = YES;
				CLANG_WARN_OBJC_ROOT_CLASS = YES_ERROR;
				CLANG_WARN_RANGE_LOOP_ANALYSIS = YES;
				CLANG_WARN_STRICT_PROTOTYPES = YES;
				CLANG_WARN_SUSPICIOUS_MOVE = YES;
				CLANG_WARN_UNGUARDED_AVAILABILITY = YES_AGGRESSIVE;
				CLANG_WARN_UNREACHABLE_CODE = YES;
				CLANG_WARN__DUPLICATE_METHOD_MATCH = YES;
				COPY_PHASE_STRIP = NO;
				DEBUG_INFORMATION_FORMAT = dwarf;
				ENABLE_STRICT_OBJC_MSGSEND = YES;
				ENABLE_TESTABILITY = YES;
				GCC_C_LANGUAGE_STANDARD = gnu11;
				GCC_DYNAMIC_NO_PIC = NO;
				GCC_NO_COMMON_BLOCKS = YES;
				GCC_OPTIMIZATION_LEVEL = 0;
				GCC_PREPROCESSOR_DEFINITIONS = (
					"DEBUG=1",
					"$(inherited)",
				);
				GCC_WARN_64_TO_32_BIT_CONVERSION = YES;
				GCC_WARN_ABOUT_RETURN_TYPE = YES_ERROR;
				GCC_WARN_UNDECLARED_SELECTOR = YES;
				GCC_WARN_UNINITIALIZED_AUTOS = YES_AGGRESSIVE;
				GCC_WARN_UNUSED_FUNCTION = YES;
				GCC_WARN_UNUSED_VARIABLE = YES;
				IPHONEOS_DEPLOYMENT_TARGET = 13.1;
				MTL_ENABLE_DEBUG_INFO = INCLUDE_SOURCE;
				MTL_FAST_MATH = YES;
				ONLY_ACTIVE_ARCH = YES;
				SDKROOT = iphoneos;
				SWIFT_ACTIVE_COMPILATION_CONDITIONS = DEBUG;
				SWIFT_OPTIMIZATION_LEVEL = "-Onone";
			};
			name = Debug;
		};
		3DC8C17F23BD133200C54C44 /* Release */ = {
			isa = XCBuildConfiguration;
			buildSettings = {
				ALWAYS_SEARCH_USER_PATHS = NO;
				CLANG_ANALYZER_NONNULL = YES;
				CLANG_ANALYZER_NUMBER_OBJECT_CONVERSION = YES_AGGRESSIVE;
				CLANG_CXX_LANGUAGE_STANDARD = "gnu++14";
				CLANG_CXX_LIBRARY = "libc++";
				CLANG_ENABLE_MODULES = YES;
				CLANG_ENABLE_OBJC_ARC = YES;
				CLANG_ENABLE_OBJC_WEAK = YES;
				CLANG_WARN_BLOCK_CAPTURE_AUTORELEASING = YES;
				CLANG_WARN_BOOL_CONVERSION = YES;
				CLANG_WARN_COMMA = YES;
				CLANG_WARN_CONSTANT_CONVERSION = YES;
				CLANG_WARN_DEPRECATED_OBJC_IMPLEMENTATIONS = YES;
				CLANG_WARN_DIRECT_OBJC_ISA_USAGE = YES_ERROR;
				CLANG_WARN_DOCUMENTATION_COMMENTS = YES;
				CLANG_WARN_EMPTY_BODY = YES;
				CLANG_WARN_ENUM_CONVERSION = YES;
				CLANG_WARN_INFINITE_RECURSION = YES;
				CLANG_WARN_INT_CONVERSION = YES;
				CLANG_WARN_NON_LITERAL_NULL_CONVERSION = YES;
				CLANG_WARN_OBJC_IMPLICIT_RETAIN_SELF = YES;
				CLANG_WARN_OBJC_LITERAL_CONVERSION = YES;
				CLANG_WARN_OBJC_ROOT_CLASS = YES_ERROR;
				CLANG_WARN_RANGE_LOOP_ANALYSIS = YES;
				CLANG_WARN_STRICT_PROTOTYPES = YES;
				CLANG_WARN_SUSPICIOUS_MOVE = YES;
				CLANG_WARN_UNGUARDED_AVAILABILITY = YES_AGGRESSIVE;
				CLANG_WARN_UNREACHABLE_CODE = YES;
				CLANG_WARN__DUPLICATE_METHOD_MATCH = YES;
				COPY_PHASE_STRIP = NO;
				DEBUG_INFORMATION_FORMAT = "dwarf-with-dsym";
				ENABLE_NS_ASSERTIONS = NO;
				ENABLE_STRICT_OBJC_MSGSEND = YES;
				GCC_C_LANGUAGE_STANDARD = gnu11;
				GCC_NO_COMMON_BLOCKS = YES;
				GCC_WARN_64_TO_32_BIT_CONVERSION = YES;
				GCC_WARN_ABOUT_RETURN_TYPE = YES_ERROR;
				GCC_WARN_UNDECLARED_SELECTOR = YES;
				GCC_WARN_UNINITIALIZED_AUTOS = YES_AGGRESSIVE;
				GCC_WARN_UNUSED_FUNCTION = YES;
				GCC_WARN_UNUSED_VARIABLE = YES;
				IPHONEOS_DEPLOYMENT_TARGET = 13.1;
				MTL_ENABLE_DEBUG_INFO = NO;
				MTL_FAST_MATH = YES;
				SDKROOT = iphoneos;
				SWIFT_COMPILATION_MODE = wholemodule;
				SWIFT_OPTIMIZATION_LEVEL = "-O";
				VALIDATE_PRODUCT = YES;
			};
			name = Release;
		};
		3DC8C18123BD133200C54C44 /* Debug */ = {
			isa = XCBuildConfiguration;
			baseConfigurationReference = 3AA60160D1414E8217600475 /* Pods-Greener.debug.xcconfig */;
			buildSettings = {
				ASSETCATALOG_COMPILER_APPICON_NAME = AppIcon;
				CODE_SIGN_STYLE = Automatic;
				DEVELOPMENT_TEAM = "";
				FRAMEWORK_SEARCH_PATHS = (
					"$(inherited)",
					"$(PROJECT_DIR)/Pods/FirebaseAnalytics/Frameworks",
				);
				INFOPLIST_FILE = Greener/Info.plist;
				LD_RUNPATH_SEARCH_PATHS = (
					"$(inherited)",
					"@executable_path/Frameworks",
				);
				PRODUCT_BUNDLE_IDENTIFIER = BarAndOfir.Greener;
				PRODUCT_NAME = "$(TARGET_NAME)";
				SWIFT_OBJC_BRIDGING_HEADER = "Greener/Greener-Bridging-Header.h";
				"SWIFT_OBJC_BRIDGING_HEADER[arch=*]" = "Greener/Greener-Bridging-Header.h";
				SWIFT_VERSION = 5.0;
				TARGETED_DEVICE_FAMILY = "1,2";
			};
			name = Debug;
		};
		3DC8C18223BD133200C54C44 /* Release */ = {
			isa = XCBuildConfiguration;
			baseConfigurationReference = 7C7F99FA16C073FD2FAA74D5 /* Pods-Greener.release.xcconfig */;
			buildSettings = {
				ASSETCATALOG_COMPILER_APPICON_NAME = AppIcon;
				CODE_SIGN_STYLE = Automatic;
				DEVELOPMENT_TEAM = "";
				FRAMEWORK_SEARCH_PATHS = (
					"$(inherited)",
					"$(PROJECT_DIR)/Pods/FirebaseAnalytics/Frameworks",
				);
				INFOPLIST_FILE = Greener/Info.plist;
				LD_RUNPATH_SEARCH_PATHS = (
					"$(inherited)",
					"@executable_path/Frameworks",
				);
				PRODUCT_BUNDLE_IDENTIFIER = BarAndOfir.Greener;
				PRODUCT_NAME = "$(TARGET_NAME)";
				SWIFT_OBJC_BRIDGING_HEADER = "Greener/Greener-Bridging-Header.h";
				"SWIFT_OBJC_BRIDGING_HEADER[arch=*]" = "Greener/Greener-Bridging-Header.h";
				SWIFT_VERSION = 5.0;
				TARGETED_DEVICE_FAMILY = "1,2";
			};
			name = Release;
		};
/* End XCBuildConfiguration section */

/* Begin XCConfigurationList section */
		3DC8C16723BD133000C54C44 /* Build configuration list for PBXProject "Greener" */ = {
			isa = XCConfigurationList;
			buildConfigurations = (
				3DC8C17E23BD133200C54C44 /* Debug */,
				3DC8C17F23BD133200C54C44 /* Release */,
			);
			defaultConfigurationIsVisible = 0;
			defaultConfigurationName = Release;
		};
		3DC8C18023BD133200C54C44 /* Build configuration list for PBXNativeTarget "Greener" */ = {
			isa = XCConfigurationList;
			buildConfigurations = (
				3DC8C18123BD133200C54C44 /* Debug */,
				3DC8C18223BD133200C54C44 /* Release */,
			);
			defaultConfigurationIsVisible = 0;
			defaultConfigurationName = Release;
		};
/* End XCConfigurationList section */
	};
	rootObject = 3DC8C16423BD133000C54C44 /* Project object */;
}
